
Microsoft Visual Studio Solution File, Format Version 12.00
# Visual Studio 2012
Project("{FAE04EC0-301F-11D3-BF4B-00C04F79EFBC}") = "OntologyModule", "OntologyModule\OntologyModule.csproj", "{63DFF8F6-4A64-4709-9803-F9B91A860E68}"
EndProject
Project("{FAE04EC0-301F-11D3-BF4B-00C04F79EFBC}") = "OntologyToEsConnector", "..\OntologyToEsConnector\OntologyToEsConnector\OntologyToEsConnector.csproj", "{089CB096-5498-4758-AB4B-3BCCC8014C24}"
EndProject
Project("{FAE04EC0-301F-11D3-BF4B-00C04F79EFBC}") = "OntologyClasses", "..\OntologyClasses\OntologyClasses.csproj", "{386F09AD-E03B-43C9-8D80-C704D76E9991}"
EndProject
Global
	GlobalSection(SolutionConfigurationPlatforms) = preSolution
		Debug|Any CPU = Debug|Any CPU
		Release|Any CPU = Release|Any CPU
	EndGlobalSection
	GlobalSection(ProjectConfigurationPlatforms) = postSolution
		{63DFF8F6-4A64-4709-9803-F9B91A860E68}.Debug|Any CPU.ActiveCfg = Debug|Any CPU
		{63DFF8F6-4A64-4709-9803-F9B91A860E68}.Debug|Any CPU.Build.0 = Debug|Any CPU
		{63DFF8F6-4A64-4709-9803-F9B91A860E68}.Release|Any CPU.ActiveCfg = Release|Any CPU
		{63DFF8F6-4A64-4709-9803-F9B91A860E68}.Release|Any CPU.Build.0 = Release|Any CPU
		{089CB096-5498-4758-AB4B-3BCCC8014C24}.Debug|Any CPU.ActiveCfg = Debug|Any CPU
		{089CB096-5498-4758-AB4B-3BCCC8014C24}.Debug|Any CPU.Build.0 = Debug|Any CPU
		{089CB096-5498-4758-AB4B-3BCCC8014C24}.Release|Any CPU.ActiveCfg = Release|Any CPU
		{089CB096-5498-4758-AB4B-3BCCC8014C24}.Release|Any CPU.Build.0 = Release|Any CPU
		{386F09AD-E03B-43C9-8D80-C704D76E9991}.Debug|Any CPU.ActiveCfg = Debug|Any CPU
		{386F09AD-E03B-43C9-8D80-C704D76E9991}.Debug|Any CPU.Build.0 = Debug|Any CPU
		{386F09AD-E03B-43C9-8D80-C704D76E9991}.Release|Any CPU.ActiveCfg = Release|Any CPU
		{386F09AD-E03B-43C9-8D80-C704D76E9991}.Release|Any CPU.Build.0 = Release|Any CPU
	EndGlobalSection
	GlobalSection(SolutionProperties) = preSolution
		HideSolutionNode = FALSE
	EndGlobalSection
EndGlobal
